
Microsoft Visual Studio Solution File, Format Version 12.00
# Visual Studio Version 17
VisualStudioVersion = 17.6.33829.357
MinimumVisualStudioVersion = 10.0.40219.1
Project("{9A19103F-16F7-4668-BE54-9A1E7A4F7556}") = "CliArgsDemo", "CliArgsDemo\CliArgsDemo.csproj", "{BBE08B5A-89EC-4893-AEDF-F758EDBAB74C}"
EndProject
Project("{FAE04EC0-301F-11D3-BF4B-00C04F79EFBC}") = "CliArgs", "CliArgs\CliArgs.csproj", "{12BFDD7B-E70C-4812-84C4-CD3A18588AA0}"
EndProject
Global
	GlobalSection(SolutionConfigurationPlatforms) = preSolution
		Debug|Any CPU = Debug|Any CPU
		Release|Any CPU = Release|Any CPU
	EndGlobalSection
	GlobalSection(ProjectConfigurationPlatforms) = postSolution
		{BBE08B5A-89EC-4893-AEDF-F758EDBAB74C}.Debug|Any CPU.ActiveCfg = Debug|Any CPU
		{BBE08B5A-89EC-4893-AEDF-F758EDBAB74C}.Debug|Any CPU.Build.0 = Debug|Any CPU
		{BBE08B5A-89EC-4893-AEDF-F758EDBAB74C}.Release|Any CPU.ActiveCfg = Release|Any CPU
		{BBE08B5A-89EC-4893-AEDF-F758EDBAB74C}.Release|Any CPU.Build.0 = Release|Any CPU
		{12BFDD7B-E70C-4812-84C4-CD3A18588AA0}.Debug|Any CPU.ActiveCfg = Debug|Any CPU
		{12BFDD7B-E70C-4812-84C4-CD3A18588AA0}.Debug|Any CPU.Build.0 = Debug|Any CPU
		{12BFDD7B-E70C-4812-84C4-CD3A18588AA0}.Release|Any CPU.ActiveCfg = Release|Any CPU
		{12BFDD7B-E70C-4812-84C4-CD3A18588AA0}.Release|Any CPU.Build.0 = Release|Any CPU
	EndGlobalSection
	GlobalSection(SolutionProperties) = preSolution
		HideSolutionNode = FALSE
	EndGlobalSection
	GlobalSection(ExtensibilityGlobals) = postSolution
		SolutionGuid = {BB1913C3-75B1-4414-B6A5-DE40117648D4}
	EndGlobalSection
EndGlobal
